
Microsoft Visual Studio Solution File, Format Version 12.00
# Visual Studio 2012
Project("{FAE04EC0-301F-11D3-BF4B-00C04F79EFBC}") = "backleft_music_UI", "backleft_music_UI\backleft_music_UI.csproj", "{850AFF23-1045-4955-99CD-81EF0A1EF86E}"
EndProject
Global
	GlobalSection(SolutionConfigurationPlatforms) = preSolution
		Debug|Any CPU = Debug|Any CPU
		Release|Any CPU = Release|Any CPU
	EndGlobalSection
	GlobalSection(ProjectConfigurationPlatforms) = postSolution
		{850AFF23-1045-4955-99CD-81EF0A1EF86E}.Debug|Any CPU.ActiveCfg = Debug|Any CPU
		{850AFF23-1045-4955-99CD-81EF0A1EF86E}.Debug|Any CPU.Build.0 = Debug|Any CPU
		{850AFF23-1045-4955-99CD-81EF0A1EF86E}.Release|Any CPU.ActiveCfg = Release|Any CPU
		{850AFF23-1045-4955-99CD-81EF0A1EF86E}.Release|Any CPU.Build.0 = Release|Any CPU
	EndGlobalSection
	GlobalSection(SolutionProperties) = preSolution
		HideSolutionNode = FALSE
	EndGlobalSection
EndGlobal
